dependencies:
- name: harbor
  repository: https://helm.goharbor.io
  version: 1.4.2
- name: ldapmanager
  repository: https://romnnn.github.io/ldap-manager/charts
  version: 0.0.22
digest: sha256:a6c9226f3d2d5bf473ed849b61a2d1ac66f0c56395815a640f12a33195202981
generated: "2020-09-14T19:07:45.098056157+02:00"
