dependencies:
- name: harbor
  repository: https://helm.goharbor.io
  version: 1.4.2
- name: ldapmanager
  repository: https://romnnn.github.io/ldap-manager/charts
  version: 0.0.18
digest: sha256:d3295066b74b5a046cf071c309a0ef5c4cecf2ba0256e059c3a7cab34649e831
generated: "2020-09-01T01:45:05.243646146+02:00"
